
Microsoft Visual Studio Solution File, Format Version 12.00
# Visual Studio Version 16
VisualStudioVersion = 16.0.29403.142
MinimumVisualStudioVersion = 10.0.40219.1
Project("{FAE04EC0-301F-11D3-BF4B-00C04F79EFBC}") = "Saint Sender", "Saint Sender\Saint Sender.csproj", "{D2F0C3C3-7C86-44E4-BB96-DC6CAE839A09}"
EndProject
Project("{FAE04EC0-301F-11D3-BF4B-00C04F79EFBC}") = "StackDojo", "StackDojo\StackDojo.csproj", "{931E540A-EDCE-45DF-9368-6269F07490F6}"
EndProject
Global
	GlobalSection(SolutionConfigurationPlatforms) = preSolution
		Debug|Any CPU = Debug|Any CPU
		Release|Any CPU = Release|Any CPU
	EndGlobalSection
	GlobalSection(ProjectConfigurationPlatforms) = postSolution
		{D2F0C3C3-7C86-44E4-BB96-DC6CAE839A09}.Debug|Any CPU.ActiveCfg = Debug|Any CPU
		{D2F0C3C3-7C86-44E4-BB96-DC6CAE839A09}.Debug|Any CPU.Build.0 = Debug|Any CPU
		{D2F0C3C3-7C86-44E4-BB96-DC6CAE839A09}.Release|Any CPU.ActiveCfg = Release|Any CPU
		{D2F0C3C3-7C86-44E4-BB96-DC6CAE839A09}.Release|Any CPU.Build.0 = Release|Any CPU
		{931E540A-EDCE-45DF-9368-6269F07490F6}.Debug|Any CPU.ActiveCfg = Debug|Any CPU
		{931E540A-EDCE-45DF-9368-6269F07490F6}.Debug|Any CPU.Build.0 = Debug|Any CPU
		{931E540A-EDCE-45DF-9368-6269F07490F6}.Release|Any CPU.ActiveCfg = Release|Any CPU
		{931E540A-EDCE-45DF-9368-6269F07490F6}.Release|Any CPU.Build.0 = Release|Any CPU
	EndGlobalSection
	GlobalSection(SolutionProperties) = preSolution
		HideSolutionNode = FALSE
	EndGlobalSection
	GlobalSection(ExtensibilityGlobals) = postSolution
		SolutionGuid = {69679AB5-070B-4E3D-82C1-9E3D70083BAE}
	EndGlobalSection
EndGlobal
